{
  "name": "box-sdk",
  "version": "0.0.6",
  "lockfileVersion": 1,
  "requires": true,
  "dependencies": {
    "abbrev": {
      "version": "1.1.1",
      "resolved": "https://registry.npmjs.org/abbrev/-/abbrev-1.1.1.tgz",
      "integrity": "sha512-nne9/IiQ/hzIhY6pdDnbBtz7DjPTKrY00P/zvPSm5pOFkl6xuGrGnXn/VtTNNfNtAfZ9/1RtehkszU9qcTii0Q==",
      "dev": true
    },
    "argparse": {
      "version": "0.1.16",
      "resolved": "https://registry.npmjs.org/argparse/-/argparse-0.1.16.tgz",
      "integrity": "sha1-z9AeD7uj1srtBJ+9dY1A9lGW9Xw=",
      "dev": true,
      "requires": {
        "underscore": "1.7.0",
        "underscore.string": "2.4.0"
      },
      "dependencies": {
        "underscore": {
          "version": "1.7.0",
          "resolved": "https://registry.npmjs.org/underscore/-/underscore-1.7.0.tgz",
          "integrity": "sha1-a7rwh3UA02vjTsqlhODbn+8DUgk=",
          "dev": true
        },
        "underscore.string": {
          "version": "2.4.0",
          "resolved": "https://registry.npmjs.org/underscore.string/-/underscore.string-2.4.0.tgz",
          "integrity": "sha1-jN2PusTi0uoefi6Al8QvRCKA+Fs=",
          "dev": true
        }
      }
    },
    "asn1": {
      "version": "0.1.11",
      "resolved": "https://registry.npmjs.org/asn1/-/asn1-0.1.11.tgz",
      "integrity": "sha1-VZvhg3bQik7E2+gId9J4GGObLfc=",
      "optional": true
    },
    "assert-plus": {
      "version": "0.1.5",
      "resolved": "https://registry.npmjs.org/assert-plus/-/assert-plus-0.1.5.tgz",
      "integrity": "sha1-7nQAlBMALYTOxyGcasgRgS5yMWA=",
      "optional": true
    },
    "async": {
      "version": "0.7.0",
      "resolved": "https://registry.npmjs.org/async/-/async-0.7.0.tgz",
      "integrity": "sha1-RCng5i9d4KVPN0WMSfC4l+tSraU="
    },
    "aws-sign2": {
      "version": "0.5.0",
      "resolved": "https://registry.npmjs.org/aws-sign2/-/aws-sign2-0.5.0.tgz",
      "integrity": "sha1-xXED96F/wDfwLXwuZLYC6iI/fWM=",
      "optional": true
    },
    "base-framework": {
      "version": "1.0.1",
      "resolved": "https://registry.npmjs.org/base-framework/-/base-framework-1.0.1.tgz",
      "integrity": "sha1-czYWOGC07bsz5ArHpwjWN1d1wlM=",
      "requires": {
        "underscore": "1.3.3"
      }
    },
    "body-parser": {
      "version": "1.0.2",
      "resolved": "https://registry.npmjs.org/body-parser/-/body-parser-1.0.2.tgz",
      "integrity": "sha1-NGFHmjJ4/gD8rr7DMUu1T8T3tHw=",
      "dev": true,
      "requires": {
        "qs": "0.6.6",
        "raw-body": "1.1.7",
        "type-is": "1.1.0"
      },
      "dependencies": {
        "qs": {
          "version": "0.6.6",
          "resolved": "https://registry.npmjs.org/qs/-/qs-0.6.6.tgz",
          "integrity": "sha1-bgFQmP9RlouKPIGQAdXyyJvEsQc=",
          "dev": true
        },
        "raw-body": {
          "version": "1.1.7",
          "resolved": "https://registry.npmjs.org/raw-body/-/raw-body-1.1.7.tgz",
          "integrity": "sha1-HQJ8K/oRasxmI7yo8AAWVyqH1CU=",
          "dev": true,
          "requires": {
            "bytes": "1.0.0",
            "string_decoder": "0.10.31"
          },
          "dependencies": {
            "bytes": {
              "version": "1.0.0",
              "resolved": "https://registry.npmjs.org/bytes/-/bytes-1.0.0.tgz",
              "integrity": "sha1-NWnt6Lo0MV+rmcPpLLBMciDeH6g=",
              "dev": true
            }
          }
        },
        "type-is": {
          "version": "1.1.0",
          "resolved": "https://registry.npmjs.org/type-is/-/type-is-1.1.0.tgz",
          "integrity": "sha1-0CReyLJnZmjVndDPMlUGBnalfbY=",
          "dev": true,
          "requires": {
            "mime": "1.2.11"
          },
          "dependencies": {
            "mime": {
              "version": "1.2.11",
              "resolved": "https://registry.npmjs.org/mime/-/mime-1.2.11.tgz",
              "integrity": "sha1-WCA+7Ybjpe8XrtK32evUfwpg3RA=",
              "dev": true
            }
          }
        }
      }
    },
    "boom": {
      "version": "0.4.2",
      "resolved": "https://registry.npmjs.org/boom/-/boom-0.4.2.tgz",
      "integrity": "sha1-emNune1O/O+xnO9JR6PGffrukRs=",
      "requires": {
        "hoek": "0.9.1"
      }
    },
    "cli": {
      "version": "0.4.5",
      "resolved": "https://registry.npmjs.org/cli/-/cli-0.4.5.tgz",
      "integrity": "sha1-ePlIXNFhtWbppsctcXDEJw6B22E=",
      "dev": true,
      "requires": {
        "glob": "3.1.21"
      }
    },
    "coffee-script": {
      "version": "1.3.3",
      "resolved": "https://registry.npmjs.org/coffee-script/-/coffee-script-1.3.3.tgz",
      "integrity": "sha1-FQ1rTLUiiUNp7+1qIQHCC8f0pPQ=",
      "dev": true
    },
    "colors": {
      "version": "0.6.2",
      "resolved": "https://registry.npmjs.org/colors/-/colors-0.6.2.tgz",
      "integrity": "sha1-JCP+ZnisDF2uiFLl0OW+CMmXq8w=",
      "dev": true
    },
    "commander": {
      "version": "2.0.0",
      "resolved": "https://registry.npmjs.org/commander/-/commander-2.0.0.tgz",
      "integrity": "sha1-0bhvkB+LZL2UG96tr5JFMDk76Sg=",
      "dev": true
    },
    "console-browserify": {
      "version": "0.1.6",
      "resolved": "https://registry.npmjs.org/console-browserify/-/console-browserify-0.1.6.tgz",
      "integrity": "sha1-0SijwLuINQ61YmxufHGm8P1ImDw=",
      "dev": true
    },
    "cookie-parser": {
      "version": "1.3.2",
      "resolved": "https://registry.npmjs.org/cookie-parser/-/cookie-parser-1.3.2.tgz",
      "integrity": "sha1-UiEcyCyVXXn/DAiJVEB3JOGc9WI=",
      "dev": true,
      "requires": {
        "cookie": "0.1.2",
        "cookie-signature": "1.0.4"
      },
      "dependencies": {
        "cookie": {
          "version": "0.1.2",
          "resolved": "https://registry.npmjs.org/cookie/-/cookie-0.1.2.tgz",
          "integrity": "sha1-cv7D0k5Io0Mgc9kMEmQgBQYQBLE=",
          "dev": true
        },
        "cookie-signature": {
          "version": "1.0.4",
          "resolved": "https://registry.npmjs.org/cookie-signature/-/cookie-signature-1.0.4.tgz",
          "integrity": "sha1-Dt0iKG46ERuaKnDbNj6SXoZ/aso=",
          "dev": true
        }
      }
    },
    "cryptiles": {
      "version": "0.2.2",
      "resolved": "https://registry.npmjs.org/cryptiles/-/cryptiles-0.2.2.tgz",
      "integrity": "sha1-7ZH/HxetE9N0gohZT4pIoNJvMlw=",
      "optional": true,
      "requires": {
        "boom": "0.4.2"
      }
    },
    "ctype": {
      "version": "0.5.3",
      "resolved": "https://registry.npmjs.org/ctype/-/ctype-0.5.3.tgz",
      "integrity": "sha1-gsGMJGH3QRTvFsE1IkrQuRRMoS8=",
      "optional": true
    },
    "debug": {
      "version": "0.7.4",
      "resolved": "https://registry.npmjs.org/debug/-/debug-0.7.4.tgz",
      "integrity": "sha1-BuHqgILCyxTjmAbiLi9vdX+Srzk=",
      "dev": true
    },
    "diff": {
      "version": "1.0.7",
      "resolved": "https://registry.npmjs.org/diff/-/diff-1.0.7.tgz",
      "integrity": "sha1-JLuwAcSn1VIhaefKvbLCgU7ZHPQ=",
      "dev": true
    },
    "ejs": {
      "version": "2.5.7",
      "resolved": "https://registry.npmjs.org/ejs/-/ejs-2.5.7.tgz",
      "integrity": "sha1-zIcsFoiArjxxiXYv1f/ACJbJUYo=",
      "dev": true
    },
    "esprima": {
      "version": "1.0.4",
      "resolved": "https://registry.npmjs.org/esprima/-/esprima-1.0.4.tgz",
      "integrity": "sha1-n1V+CPw7TSbs6d00+Pv0drYlha0=",
      "dev": true
    },
    "exit": {
      "version": "0.1.2",
      "resolved": "https://registry.npmjs.org/exit/-/exit-0.1.2.tgz",
      "integrity": "sha1-BjJjj42HfMghB9MKD/8aF8uhzQw=",
      "dev": true
    },
    "express": {
      "version": "4.1.1",
      "resolved": "https://registry.npmjs.org/express/-/express-4.1.1.tgz",
      "integrity": "sha1-Jm8Iw8vCH8GDHpVAc92ozzyuAC8=",
      "dev": true,
      "requires": {
        "accepts": "1.0.1",
        "buffer-crc32": "0.2.1",
        "cookie": "0.1.2",
        "cookie-signature": "1.0.3",
        "debug": "0.8.1",
        "escape-html": "1.0.1",
        "fresh": "0.2.2",
        "merge-descriptors": "0.0.2",
        "methods": "0.1.0",
        "parseurl": "1.0.1",
        "path-to-regexp": "0.1.2",
        "qs": "0.6.6",
        "range-parser": "1.0.0",
        "send": "0.3.0",
        "serve-static": "1.1.0",
        "type-is": "1.1.0",
        "utils-merge": "1.0.0"
      },
      "dependencies": {
        "accepts": {
          "version": "1.0.1",
          "resolved": "https://registry.npmjs.org/accepts/-/accepts-1.0.1.tgz",
          "integrity": "sha1-weBtYT5iRrqHRnjW2bkjibfOMQw=",
          "dev": true,
          "requires": {
            "mime": "1.2.11",
            "negotiator": "0.4.7"
          },
          "dependencies": {
            "mime": {
              "version": "1.2.11",
              "resolved": "https://registry.npmjs.org/mime/-/mime-1.2.11.tgz",
              "integrity": "sha1-WCA+7Ybjpe8XrtK32evUfwpg3RA=",
              "dev": true
            },
            "negotiator": {
              "version": "0.4.7",
              "resolved": "https://registry.npmjs.org/negotiator/-/negotiator-0.4.7.tgz",
              "integrity": "sha1-pBYPcXfsgGc4Yx0NMFIyXaQqvcg=",
              "dev": true
            }
          }
        },
        "buffer-crc32": {
          "version": "0.2.1",
          "resolved": "https://registry.npmjs.org/buffer-crc32/-/buffer-crc32-0.2.1.tgz",
          "integrity": "sha1-vj5TgvwCttYySVasGvmKqYsIU0w=",
          "dev": true
        },
        "cookie": {
          "version": "0.1.2",
          "resolved": "https://registry.npmjs.org/cookie/-/cookie-0.1.2.tgz",
          "integrity": "sha1-cv7D0k5Io0Mgc9kMEmQgBQYQBLE=",
          "dev": true
        },
        "cookie-signature": {
          "version": "1.0.3",
          "resolved": "https://registry.npmjs.org/cookie-signature/-/cookie-signature-1.0.3.tgz",
          "integrity": "sha1-kc2ZfMUftkFZVzjGnNoCAyj1D/k=",
          "dev": true
        },
        "debug": {
          "version": "0.8.1",
          "resolved": "https://registry.npmjs.org/debug/-/debug-0.8.1.tgz",
          "integrity": "sha1-IP9NJvXkIstoobrLu2EDmtjBwTA=",
          "dev": true
        },
        "escape-html": {
          "version": "1.0.1",
          "resolved": "https://registry.npmjs.org/escape-html/-/escape-html-1.0.1.tgz",
          "integrity": "sha1-GBoobq05ejmpKFfPsdQwUuNWv/A=",
          "dev": true
        },
        "fresh": {
          "version": "0.2.2",
          "resolved": "https://registry.npmjs.org/fresh/-/fresh-0.2.2.tgz",
          "integrity": "sha1-lzHc9WeMf660T7kDxPct9VGH+nc=",
          "dev": true
        },
        "merge-descriptors": {
          "version": "0.0.2",
          "resolved": "https://registry.npmjs.org/merge-descriptors/-/merge-descriptors-0.0.2.tgz",
          "integrity": "sha1-w2pSp4FDdRPFcnXzndnTF1FKyMc=",
          "dev": true
        },
        "methods": {
          "version": "0.1.0",
          "resolved": "https://registry.npmjs.org/methods/-/methods-0.1.0.tgz",
          "integrity": "sha1-M11Cnu/SG3us8unJIqjSvRSjDk8=",
          "dev": true
        },
        "parseurl": {
          "version": "1.0.1",
          "resolved": "https://registry.npmjs.org/parseurl/-/parseurl-1.0.1.tgz",
          "integrity": "sha1-Llfc5u/dN8NRhwEDCUTCK/OIt7Q=",
          "dev": true
        },
        "path-to-regexp": {
          "version": "0.1.2",
          "resolved": "https://registry.npmjs.org/path-to-regexp/-/path-to-regexp-0.1.2.tgz",
          "integrity": "sha1-mysVH5zDAYye6lDKlXKeBXgXErQ=",
          "dev": true
        },
        "qs": {
          "version": "0.6.6",
          "resolved": "https://registry.npmjs.org/qs/-/qs-0.6.6.tgz",
          "integrity": "sha1-bgFQmP9RlouKPIGQAdXyyJvEsQc=",
          "dev": true
        },
        "range-parser": {
          "version": "1.0.0",
          "resolved": "https://registry.npmjs.org/range-parser/-/range-parser-1.0.0.tgz",
          "integrity": "sha1-pLJkz+C+XONqvjdlrJwqJIdG28A=",
          "dev": true
        },
        "send": {
          "version": "0.3.0",
          "resolved": "https://registry.npmjs.org/send/-/send-0.3.0.tgz",
          "integrity": "sha1-lxgyRjSAb8dbxPj15R9X2dZmBuc=",
          "dev": true,
          "requires": {
            "buffer-crc32": "0.2.1",
            "debug": "0.8.0",
            "fresh": "0.2.2",
            "mime": "1.2.11",
            "range-parser": "1.0.0"
          },
          "dependencies": {
            "debug": {
              "version": "0.8.0",
              "resolved": "https://registry.npmjs.org/debug/-/debug-0.8.0.tgz",
              "integrity": "sha1-BUHqkfDlA/3wxe7UGKMlUCNJZ/A=",
              "dev": true
            },
            "mime": {
              "version": "1.2.11",
              "resolved": "https://registry.npmjs.org/mime/-/mime-1.2.11.tgz",
              "integrity": "sha1-WCA+7Ybjpe8XrtK32evUfwpg3RA=",
              "dev": true
            }
          }
        },
        "serve-static": {
          "version": "1.1.0",
          "resolved": "https://registry.npmjs.org/serve-static/-/serve-static-1.1.0.tgz",
          "integrity": "sha1-RU36Bbs93U5wGokVuDoniqkcVkM=",
          "dev": true,
          "requires": {
            "parseurl": "1.0.1",
            "send": "0.3.0"
          }
        },
        "type-is": {
          "version": "1.1.0",
          "resolved": "https://registry.npmjs.org/type-is/-/type-is-1.1.0.tgz",
          "integrity": "sha1-0CReyLJnZmjVndDPMlUGBnalfbY=",
          "dev": true,
          "requires": {
            "mime": "1.2.11"
          },
          "dependencies": {
            "mime": {
              "version": "1.2.11",
              "resolved": "https://registry.npmjs.org/mime/-/mime-1.2.11.tgz",
              "integrity": "sha1-WCA+7Ybjpe8XrtK32evUfwpg3RA=",
              "dev": true
            }
          }
        },
        "utils-merge": {
          "version": "1.0.0",
          "resolved": "https://registry.npmjs.org/utils-merge/-/utils-merge-1.0.0.tgz",
          "integrity": "sha1-ApT7kiu5N1FTVBxPcJYjHyh8ivg=",
          "dev": true
        }
      }
    },
    "express-session": {
      "version": "1.0.4",
      "resolved": "https://registry.npmjs.org/express-session/-/express-session-1.0.4.tgz",
      "integrity": "sha1-oQBFrz8kaTycGbGRShHQyrj3sps=",
      "dev": true,
      "requires": {
        "buffer-crc32": "0.2.1",
        "cookie": "0.1.2",
        "cookie-signature": "1.0.3",
        "debug": "0.8.1",
        "uid2": "0.0.3",
        "utils-merge": "1.0.0"
      },
      "dependencies": {
        "buffer-crc32": {
          "version": "0.2.1",
          "resolved": "https://registry.npmjs.org/buffer-crc32/-/buffer-crc32-0.2.1.tgz",
          "integrity": "sha1-vj5TgvwCttYySVasGvmKqYsIU0w=",
          "dev": true
        },
        "cookie": {
          "version": "0.1.2",
          "resolved": "https://registry.npmjs.org/cookie/-/cookie-0.1.2.tgz",
          "integrity": "sha1-cv7D0k5Io0Mgc9kMEmQgBQYQBLE=",
          "dev": true
        },
        "cookie-signature": {
          "version": "1.0.3",
          "resolved": "https://registry.npmjs.org/cookie-signature/-/cookie-signature-1.0.3.tgz",
          "integrity": "sha1-kc2ZfMUftkFZVzjGnNoCAyj1D/k=",
          "dev": true
        },
        "debug": {
          "version": "0.8.1",
          "resolved": "https://registry.npmjs.org/debug/-/debug-0.8.1.tgz",
          "integrity": "sha1-IP9NJvXkIstoobrLu2EDmtjBwTA=",
          "dev": true
        },
        "uid2": {
          "version": "0.0.3",
          "resolved": "https://registry.npmjs.org/uid2/-/uid2-0.0.3.tgz",
          "integrity": "sha1-SDEm4Rd03y9xuLY53NeZw3YWK4I=",
          "dev": true
        },
        "utils-merge": {
          "version": "1.0.0",
          "resolved": "https://registry.npmjs.org/utils-merge/-/utils-merge-1.0.0.tgz",
          "integrity": "sha1-ApT7kiu5N1FTVBxPcJYjHyh8ivg=",
          "dev": true
        }
      }
    },
    "faye-websocket": {
      "version": "0.4.4",
      "resolved": "https://registry.npmjs.org/faye-websocket/-/faye-websocket-0.4.4.tgz",
      "integrity": "sha1-wUxbO/FNdBf/v9mQwKdJXNnzN7w=",
      "dev": true
    },
    "findup-sync": {
      "version": "0.1.3",
      "resolved": "https://registry.npmjs.org/findup-sync/-/findup-sync-0.1.3.tgz",
      "integrity": "sha1-fz56l7gjksZTvwZYm9hRkOk8NoM=",
      "dev": true,
      "requires": {
        "glob": "3.2.11",
        "lodash": "2.4.2"
      },
      "dependencies": {
        "glob": {
          "version": "3.2.11",
          "resolved": "https://registry.npmjs.org/glob/-/glob-3.2.11.tgz",
          "integrity": "sha1-Spc/Y1uRkPcV0QmH1cAP0oFevj0=",
          "dev": true,
          "requires": {
            "inherits": "2.0.3",
            "minimatch": "0.3.0"
          }
        },
        "minimatch": {
          "version": "0.3.0",
          "resolved": "https://registry.npmjs.org/minimatch/-/minimatch-0.3.0.tgz",
          "integrity": "sha1-J12O2qxPG7MyZHIInnlJyDlGmd0=",
          "dev": true,
          "requires": {
            "lru-cache": "2.7.3",
            "sigmund": "1.0.1"
          }
        }
      }
    },
    "forever-agent": {
      "version": "0.5.2",
      "resolved": "https://registry.npmjs.org/forever-agent/-/forever-agent-0.5.2.tgz",
      "integrity": "sha1-bQ4JxJIflKJ/Y9O0nF/v8epMUTA="
    },
    "form-data": {
      "version": "0.1.4",
      "resolved": "https://registry.npmjs.org/form-data/-/form-data-0.1.4.tgz",
      "integrity": "sha1-kavXiKupcCsaq/qLwBAxoqyeOxI=",
      "requires": {
        "async": "0.9.0",
        "combined-stream": "0.0.5",
        "mime": "1.2.11"
      },
      "dependencies": {
        "async": {
          "version": "0.9.0",
          "resolved": "https://registry.npmjs.org/async/-/async-0.9.0.tgz",
          "integrity": "sha1-rDYTsdqb7RtHUQu0ZRuJMeRxRsc="
        },
        "combined-stream": {
          "version": "0.0.5",
          "resolved": "https://registry.npmjs.org/combined-stream/-/combined-stream-0.0.5.tgz",
          "integrity": "sha1-Ke125cmq0HxKz5yj0yYBzOKGl6I=",
          "requires": {
            "delayed-stream": "0.0.5"
          },
          "dependencies": {
            "delayed-stream": {
              "version": "0.0.5",
              "resolved": "https://registry.npmjs.org/delayed-stream/-/delayed-stream-0.0.5.tgz",
              "integrity": "sha1-1LH0OpPoKW3+AmlPRoC8N6MTxz8="
            }
          }
        },
        "mime": {
          "version": "1.2.11",
          "resolved": "https://registry.npmjs.org/mime/-/mime-1.2.11.tgz",
          "integrity": "sha1-WCA+7Ybjpe8XrtK32evUfwpg3RA="
        }
      }
    },
    "fs-extra": {
      "version": "0.8.1",
      "resolved": "https://registry.npmjs.org/fs-extra/-/fs-extra-0.8.1.tgz",
      "integrity": "sha1-Dld5/7/t9RG8dVWVx/A8BtS0Po0=",
      "dev": true,
      "requires": {
        "jsonfile": "1.1.1",
        "mkdirp": "0.3.5",
        "ncp": "0.4.2",
        "rimraf": "2.2.8"
      },
      "dependencies": {
        "mkdirp": {
          "version": "0.3.5",
          "resolved": "https://registry.npmjs.org/mkdirp/-/mkdirp-0.3.5.tgz",
          "integrity": "sha1-3j5fiWHIjHh+4TaN+EmsRBPsqNc=",
          "dev": true
        }
      }
    },
    "gaze": {
      "version": "0.4.3",
      "resolved": "https://registry.npmjs.org/gaze/-/gaze-0.4.3.tgz",
      "integrity": "sha1-5Tj0/15P5kj0c6l+HrslPS3hJ7U=",
      "dev": true,
      "requires": {
        "globule": "0.1.0"
      }
    },
    "getobject": {
      "version": "0.1.0",
      "resolved": "https://registry.npmjs.org/getobject/-/getobject-0.1.0.tgz",
      "integrity": "sha1-BHpEl4n6Fg0Bj1SG7ZEyC27HiFw=",
      "dev": true
    },
    "glob": {
      "version": "3.1.21",
      "resolved": "https://registry.npmjs.org/glob/-/glob-3.1.21.tgz",
      "integrity": "sha1-0p4KBV3qUTj00H7UDomC6DwgZs0=",
      "dev": true,
      "requires": {
        "graceful-fs": "1.2.3",
        "inherits": "1.0.2",
        "minimatch": "0.2.14"
      },
      "dependencies": {
        "inherits": {
          "version": "1.0.2",
          "resolved": "https://registry.npmjs.org/inherits/-/inherits-1.0.2.tgz",
          "integrity": "sha1-ykMJ2t7mtUzAuNJH6NfHoJdb3Js=",
          "dev": true
        }
      }
    },
    "globule": {
      "version": "0.1.0",
      "resolved": "https://registry.npmjs.org/globule/-/globule-0.1.0.tgz",
      "integrity": "sha1-2cjt3h2nnRJaFRt5UzuXhnY0auU=",
      "dev": true,
      "requires": {
        "glob": "3.1.21",
        "lodash": "1.0.2",
        "minimatch": "0.2.14"
      },
      "dependencies": {
        "lodash": {
          "version": "1.0.2",
          "resolved": "https://registry.npmjs.org/lodash/-/lodash-1.0.2.tgz",
          "integrity": "sha1-j1dWDIO1n8JwvT1WG2kAQ0MOJVE=",
          "dev": true
        }
      }
    },
    "graceful-fs": {
      "version": "1.2.3",
      "resolved": "https://registry.npmjs.org/graceful-fs/-/graceful-fs-1.2.3.tgz",
      "integrity": "sha1-FaSAaldUfLLS2/J/QuiajDRRs2Q=",
      "dev": true
    },
    "growl": {
      "version": "1.7.0",
      "resolved": "https://registry.npmjs.org/growl/-/growl-1.7.0.tgz",
      "integrity": "sha1-3i1mE20ALhErpw8/EMMc98NQsto=",
      "dev": true
    },
    "grunt": {
      "version": "0.4.5",
      "resolved": "https://registry.npmjs.org/grunt/-/grunt-0.4.5.tgz",
      "integrity": "sha1-VpN81RlDJK3/bSB2MYMqnWuk5/A=",
      "dev": true,
      "requires": {
        "async": "0.1.22",
        "coffee-script": "1.3.3",
        "colors": "0.6.2",
        "dateformat": "1.0.2-1.2.3",
        "eventemitter2": "0.4.14",
        "exit": "0.1.2",
        "findup-sync": "0.1.3",
        "getobject": "0.1.0",
        "glob": "3.1.21",
        "grunt-legacy-log": "0.1.1",
        "grunt-legacy-util": "0.2.0",
        "hooker": "0.2.3",
        "iconv-lite": "0.2.11",
        "js-yaml": "2.0.5",
        "lodash": "0.9.2",
        "minimatch": "0.2.14",
        "nopt": "1.0.10",
        "rimraf": "2.2.8",
        "underscore.string": "2.2.1",
        "which": "1.0.9"
      },
      "dependencies": {
        "async": {
          "version": "0.1.22",
          "resolved": "https://registry.npmjs.org/async/-/async-0.1.22.tgz",
          "integrity": "sha1-D8GqoIig4+8Ovi2IMbqw3PiEUGE=",
          "dev": true
        },
        "dateformat": {
          "version": "1.0.2-1.2.3",
          "resolved": "https://registry.npmjs.org/dateformat/-/dateformat-1.0.2-1.2.3.tgz",
          "integrity": "sha1-sCIMAt6YYXQztyhRz0fePfLNvuk=",
          "dev": true
        },
        "eventemitter2": {
          "version": "0.4.14",
          "resolved": "https://registry.npmjs.org/eventemitter2/-/eventemitter2-0.4.14.tgz",
          "integrity": "sha1-j2G3XN4BKy6esoTUVFWDtWQ7Yas=",
          "dev": true
        },
        "grunt-legacy-log": {
          "version": "0.1.1",
          "resolved": "https://registry.npmjs.org/grunt-legacy-log/-/grunt-legacy-log-0.1.1.tgz",
          "integrity": "sha1-1B8aarybCxJWorX/AvTDKY381Xo=",
          "dev": true,
          "requires": {
            "colors": "0.6.2",
            "hooker": "0.2.3",
            "lodash": "2.4.2",
            "underscore.string": "2.3.3"
          },
          "dependencies": {
            "lodash": {
              "version": "2.4.2",
              "resolved": "https://registry.npmjs.org/lodash/-/lodash-2.4.2.tgz",
              "integrity": "sha1-+t2DS5aDBz2hebPq5tnA0VBT9z4=",
              "dev": true
            },
            "underscore.string": {
              "version": "2.3.3",
              "resolved": "https://registry.npmjs.org/underscore.string/-/underscore.string-2.3.3.tgz",
              "integrity": "sha1-ccCL9rQosRM/N+ePo6Icgvcymw0=",
              "dev": true
            }
          }
        },
        "grunt-legacy-util": {
          "version": "0.2.0",
          "resolved": "https://registry.npmjs.org/grunt-legacy-util/-/grunt-legacy-util-0.2.0.tgz",
          "integrity": "sha1-kzJIhNv343qf98Am3/RR2UqeVUs=",
          "dev": true,
          "requires": {
            "async": "0.1.22",
            "exit": "0.1.2",
            "getobject": "0.1.0",
            "hooker": "0.2.3",
            "lodash": "0.9.2",
            "underscore.string": "2.2.1",
            "which": "1.0.9"
          }
        },
        "lodash": {
          "version": "0.9.2",
          "resolved": "https://registry.npmjs.org/lodash/-/lodash-0.9.2.tgz",
          "integrity": "sha1-jzSZxSRdNG1oLlsNO0B2fgnxqSw=",
          "dev": true
        }
      }
    },
    "grunt-contrib-jshint": {
      "version": "0.6.5",
      "resolved": "https://registry.npmjs.org/grunt-contrib-jshint/-/grunt-contrib-jshint-0.6.5.tgz",
      "integrity": "sha1-OvtGdnRTZMxKGe7nk0wOBgCLVm4=",
      "dev": true,
      "requires": {
        "jshint": "2.1.11"
      }
    },
    "grunt-contrib-watch": {
      "version": "0.5.3",
      "resolved": "https://registry.npmjs.org/grunt-contrib-watch/-/grunt-contrib-watch-0.5.3.tgz",
      "integrity": "sha1-fZ61Rl1Qb6FPqspH5uh5CoLBye4=",
      "dev": true,
      "requires": {
        "gaze": "0.4.3",
        "tiny-lr": "0.0.4"
      }
    },
    "grunt-jsdoc": {
      "version": "0.5.6",
      "resolved": "https://registry.npmjs.org/grunt-jsdoc/-/grunt-jsdoc-0.5.6.tgz",
      "integrity": "sha1-ytp6Ei4evK3MC0mOJQO8rgPQz9E=",
      "dev": true,
      "requires": {
        "ink-docstrap": "0.4.12",
        "jsdoc": "3.2.2"
      },
      "dependencies": {
        "ink-docstrap": {
          "version": "0.4.12",
          "resolved": "https://registry.npmjs.org/ink-docstrap/-/ink-docstrap-0.4.12.tgz",
          "integrity": "sha1-1B43aRneva0GEojBHIAit4XorN8=",
          "dev": true,
          "requires": {
            "moment": "2.6.0"
          },
          "dependencies": {
            "moment": {
              "version": "2.6.0",
              "resolved": "https://registry.npmjs.org/moment/-/moment-2.6.0.tgz",
              "integrity": "sha1-B2W3K4Qd0hP6kZFMD2dlEicZ8GE=",
              "dev": true
            }
          }
        },
        "jsdoc": {
          "version": "3.2.2",
          "resolved": "https://registry.npmjs.org/jsdoc/-/jsdoc-3.2.2.tgz",
          "integrity": "sha1-P7vPm2xYVUXIx6wY7C6CKq4zOL8=",
          "dev": true,
          "requires": {
            "async": "0.1.22",
            "catharsis": "0.7.0",
            "crypto-browserify": "git+https://github.com/dominictarr/crypto-browserify.git#95c5d50581ce0b4fff6e76e45dc0bb3622be4e9a",
            "js2xmlparser": "0.1.0",
            "jshint": "0.9.1",
            "marked": "0.2.8",
            "taffydb": "git+https://github.com/hegemonic/taffydb.git#7d100bcee0e997ee4977e273cdce60bd8933050e",
            "underscore": "1.4.2",
            "wrench": "1.3.9"
          },
          "dependencies": {
            "async": {
              "version": "0.1.22",
              "resolved": "https://registry.npmjs.org/async/-/async-0.1.22.tgz",
              "integrity": "sha1-D8GqoIig4+8Ovi2IMbqw3PiEUGE=",
              "dev": true
            },
            "catharsis": {
              "version": "0.7.0",
              "resolved": "https://registry.npmjs.org/catharsis/-/catharsis-0.7.0.tgz",
              "integrity": "sha1-N7OFSpp5txvXdQJ5kTMTsWCXjG4=",
              "dev": true
            },
            "crypto-browserify": {
              "version": "git+https://github.com/dominictarr/crypto-browserify.git#95c5d50581ce0b4fff6e76e45dc0bb3622be4e9a",
              "dev": true
            },
            "js2xmlparser": {
              "version": "0.1.0",
              "resolved": "https://registry.npmjs.org/js2xmlparser/-/js2xmlparser-0.1.0.tgz",
              "integrity": "sha1-GwTWez95Ow47Rvr26pxO9tnn8WI=",
              "dev": true
            },
            "jshint": {
              "version": "0.9.1",
              "resolved": "https://registry.npmjs.org/jshint/-/jshint-0.9.1.tgz",
              "integrity": "sha1-/zLsfwn4QAH3SY7q/WPJ5Puy3A4=",
              "dev": true,
              "requires": {
                "cli": "0.4.3",
                "minimatch": "0.0.5"
              },
              "dependencies": {
                "cli": {
                  "version": "0.4.3",
                  "resolved": "https://registry.npmjs.org/cli/-/cli-0.4.3.tgz",
                  "integrity": "sha1-5oGcjV+qlX9k+Y9mqFBiaMHR8X0=",
                  "dev": true,
                  "requires": {
                    "glob": "4.0.4"
                  },
                  "dependencies": {
                    "glob": {
                      "version": "4.0.4",
                      "resolved": "https://registry.npmjs.org/glob/-/glob-4.0.4.tgz",
                      "integrity": "sha1-cwzgGQ2H7KeBI5gBjiG+cStNadI=",
                      "dev": true,
                      "requires": {
                        "graceful-fs": "3.0.2",
                        "inherits": "2.0.1",
                        "minimatch": "0.3.0",
                        "once": "1.3.0"
                      },
                      "dependencies": {
                        "graceful-fs": {
                          "version": "3.0.2",
                          "resolved": "https://registry.npmjs.org/graceful-fs/-/graceful-fs-3.0.2.tgz",
                          "integrity": "sha1-LLW/f3Qr6orUfHVMru4DK35xpXc=",
                          "dev": true,
                          "optional": true
                        },
                        "inherits": {
                          "version": "2.0.1",
                          "resolved": "https://registry.npmjs.org/inherits/-/inherits-2.0.1.tgz",
                          "integrity": "sha1-sX0I0ya0Qj5Wjv9xn5GwscvfafE=",
                          "dev": true
                        },
                        "minimatch": {
                          "version": "0.3.0",
                          "resolved": "https://registry.npmjs.org/minimatch/-/minimatch-0.3.0.tgz",
                          "integrity": "sha1-J12O2qxPG7MyZHIInnlJyDlGmd0=",
                          "dev": true,
                          "requires": {
                            "lru-cache": "2.7.3",
                            "sigmund": "1.0.1"
                          }
                        },
                        "once": {
                          "version": "1.3.0",
                          "resolved": "https://registry.npmjs.org/once/-/once-1.3.0.tgz",
                          "integrity": "sha1-FRr4a/wfCMS58H0GqyUP/L61ZYE=",
                          "dev": true
                        }
                      }
                    }
                  }
                }
              }
            },
            "marked": {
              "version": "0.2.8",
              "resolved": "https://registry.npmjs.org/marked/-/marked-0.2.8.tgz",
              "integrity": "sha1-3dvMOO2BgraAqvnXzrvntiSXYHE=",
              "dev": true
            },
            "taffydb": {
              "version": "git+https://github.com/hegemonic/taffydb.git#7d100bcee0e997ee4977e273cdce60bd8933050e",
              "dev": true
            },
            "underscore": {
              "version": "1.4.2",
              "resolved": "https://registry.npmjs.org/underscore/-/underscore-1.4.2.tgz",
              "integrity": "sha1-yyquanmZqJ/VWq7nW84DEWmM6/s=",
              "dev": true
            },
            "wrench": {
              "version": "1.3.9",
              "resolved": "https://registry.npmjs.org/wrench/-/wrench-1.3.9.tgz",
              "integrity": "sha1-bxPsNRRTF+spLKX2UxORskQRFBE=",
              "dev": true
            }
          }
        },
        "minimatch": {
          "version": "0.0.5",
          "resolved": "https://registry.npmjs.org/minimatch/-/minimatch-0.0.5.tgz",
          "integrity": "sha1-lrtJC707poNrv6wRGt91MBsVhN4=",
          "dev": true,
          "requires": {
            "lru-cache": "1.0.6"
          },
          "dependencies": {
            "lru-cache": {
              "version": "1.0.6",
              "resolved": "https://registry.npmjs.org/lru-cache/-/lru-cache-1.0.6.tgz",
              "integrity": "sha1-qlD5cEdCKsclQ72hd6nJ0BjZhFI=",
              "dev": true
            }
          }
        }
      }
    },
    "grunt-mocha-test": {
      "version": "0.10.2",
      "resolved": "https://registry.npmjs.org/grunt-mocha-test/-/grunt-mocha-test-0.10.2.tgz",
      "integrity": "sha1-PeXc+ZPkN1vhrxkfj1u9H1clbUc=",
      "dev": true,
      "requires": {
        "fs-extra": "0.8.1",
        "hooker": "0.2.3",
        "mocha": "1.18.2"
      }
    },
    "hawk": {
      "version": "1.0.0",
      "resolved": "https://registry.npmjs.org/hawk/-/hawk-1.0.0.tgz",
      "integrity": "sha1-uQuxaYByhUEdp//LjdJZhQLTtS0=",
      "optional": true,
      "requires": {
        "boom": "0.4.2",
        "cryptiles": "0.2.2",
        "hoek": "0.9.1",
        "sntp": "0.2.4"
      }
    },
    "hoek": {
      "version": "0.9.1",
      "resolved": "https://registry.npmjs.org/hoek/-/hoek-0.9.1.tgz",
      "integrity": "sha1-PTIkYrrfB3Fup+uFuviAec3c5QU="
    },
    "hooker": {
      "version": "0.2.3",
      "resolved": "https://registry.npmjs.org/hooker/-/hooker-0.2.3.tgz",
      "integrity": "sha1-uDT3I8xKJCqmWWNFnfbZhMXT2Vk=",
      "dev": true
    },
    "http-signature": {
      "version": "0.10.1",
      "resolved": "https://registry.npmjs.org/http-signature/-/http-signature-0.10.1.tgz",
      "integrity": "sha1-T72sEyVZqoMjEh5UB3nAoBKyfmY=",
      "optional": true,
      "requires": {
        "asn1": "0.1.11",
        "assert-plus": "0.1.5",
        "ctype": "0.5.3"
      }
    },
    "iconv-lite": {
      "version": "0.2.11",
      "resolved": "https://registry.npmjs.org/iconv-lite/-/iconv-lite-0.2.11.tgz",
      "integrity": "sha1-HOYKOleGSiktEyH/RgnKS7llrcg=",
      "dev": true
    },
    "image-size": {
      "version": "0.2.5",
      "resolved": "https://registry.npmjs.org/image-size/-/image-size-0.2.5.tgz",
      "integrity": "sha1-fOoT9JwZExlyL63ZYbnzA2PuyI8=",
      "dev": true
    },
    "inherits": {
      "version": "2.0.3",
      "resolved": "https://registry.npmjs.org/inherits/-/inherits-2.0.3.tgz",
      "integrity": "sha1-Yzwsg+PaQqUC9SRmAiSA9CCCYd4=",
      "dev": true
    },
    "jade": {
      "version": "0.26.3",
      "resolved": "https://registry.npmjs.org/jade/-/jade-0.26.3.tgz",
      "integrity": "sha1-jxDXl32NefL2/4YqgbBRPMslaGw=",
      "dev": true,
      "requires": {
        "commander": "0.6.1",
        "mkdirp": "0.3.0"
      },
      "dependencies": {
        "commander": {
          "version": "0.6.1",
          "resolved": "https://registry.npmjs.org/commander/-/commander-0.6.1.tgz",
          "integrity": "sha1-+mihT2qUXVTbvlDYzbMyDp47GgY=",
          "dev": true
        },
        "mkdirp": {
          "version": "0.3.0",
          "resolved": "https://registry.npmjs.org/mkdirp/-/mkdirp-0.3.0.tgz",
          "integrity": "sha1-G79asbqCevI1dRQ0kEJkVfSB/h4=",
          "dev": true
        }
      }
    },
    "js-yaml": {
      "version": "2.0.5",
      "resolved": "https://registry.npmjs.org/js-yaml/-/js-yaml-2.0.5.tgz",
      "integrity": "sha1-olrmUJmZ6X3yeMZxnaEb0Gh3Q6g=",
      "dev": true,
      "requires": {
        "argparse": "0.1.16",
        "esprima": "1.0.4"
      }
    },
    "jshint": {
      "version": "2.1.11",
      "resolved": "https://registry.npmjs.org/jshint/-/jshint-2.1.11.tgz",
      "integrity": "sha1-61EI/vm6Xd67gwmD9XLSQuSeP5Y=",
      "dev": true,
      "requires": {
        "cli": "0.4.5",
        "console-browserify": "0.1.6",
        "minimatch": "0.2.14",
        "shelljs": "0.1.4",
        "underscore": "1.4.4"
      },
      "dependencies": {
        "underscore": {
          "version": "1.4.4",
          "resolved": "https://registry.npmjs.org/underscore/-/underscore-1.4.4.tgz",
          "integrity": "sha1-YaajIBBiKvoHljvzJSA88SI51gQ=",
          "dev": true
        }
      }
    },
    "json-stringify-safe": {
      "version": "5.0.1",
      "resolved": "https://registry.npmjs.org/json-stringify-safe/-/json-stringify-safe-5.0.1.tgz",
      "integrity": "sha1-Epai1Y/UXxmg9s4B1lcB4sc1tus="
    },
    "jsonfile": {
      "version": "1.1.1",
      "resolved": "https://registry.npmjs.org/jsonfile/-/jsonfile-1.1.1.tgz",
      "integrity": "sha1-2k/WrXfxolUgPqY8e8Mtwx72RDM=",
      "dev": true
    },
    "lodash": {
      "version": "2.4.2",
      "resolved": "https://registry.npmjs.org/lodash/-/lodash-2.4.2.tgz",
      "integrity": "sha1-+t2DS5aDBz2hebPq5tnA0VBT9z4="
    },
    "log": {
      "version": "1.4.0",
      "resolved": "https://registry.npmjs.org/log/-/log-1.4.0.tgz",
      "integrity": "sha1-S6HYkP3iSbAx3KA7w36q8yVlbxw="
    },
    "lru-cache": {
      "version": "2.7.3",
      "resolved": "https://registry.npmjs.org/lru-cache/-/lru-cache-2.7.3.tgz",
      "integrity": "sha1-bUUk6LlV+V1PW1iFHOId1y+06VI=",
      "dev": true
    },
    "method-override": {
      "version": "1.0.2",
      "resolved": "https://registry.npmjs.org/method-override/-/method-override-1.0.2.tgz",
      "integrity": "sha1-1vgCddsjojOAAoySFbl0cL4B1ok=",
      "dev": true,
      "requires": {
        "methods": "1.0.0"
      },
      "dependencies": {
        "methods": {
          "version": "1.0.0",
          "resolved": "https://registry.npmjs.org/methods/-/methods-1.0.0.tgz",
          "integrity": "sha1-mnPYY3XfzvJu9hyj5Lii4lOKgOM=",
          "dev": true
        }
      }
    },
    "minimatch": {
      "version": "0.2.14",
      "resolved": "https://registry.npmjs.org/minimatch/-/minimatch-0.2.14.tgz",
      "integrity": "sha1-x054BXT2PG+aCQ6Q775u9TpqdWo=",
      "dev": true,
      "requires": {
        "lru-cache": "2.7.3",
        "sigmund": "1.0.1"
      }
    },
    "mkdirp": {
      "version": "0.4.2",
      "resolved": "https://registry.npmjs.org/mkdirp/-/mkdirp-0.4.2.tgz",
      "integrity": "sha1-QnyMGOzjmLky9vZm9OHlt3QOeMg=",
      "dev": true,
      "requires": {
        "minimist": "0.0.8"
      },
      "dependencies": {
        "minimist": {
          "version": "0.0.8",
          "resolved": "https://registry.npmjs.org/minimist/-/minimist-0.0.8.tgz",
          "integrity": "sha1-hX/Kv8M5fSYluCKCYuhqp6ARsF0=",
          "dev": true
        }
      }
    },
    "mocha": {
      "version": "1.18.2",
      "resolved": "https://registry.npmjs.org/mocha/-/mocha-1.18.2.tgz",
      "integrity": "sha1-gAhI+PeITGHu/PoqJzBLqeVEbQs=",
      "dev": true,
      "requires": {
        "commander": "2.0.0",
        "debug": "0.7.4",
        "diff": "1.0.7",
        "glob": "3.2.3",
        "growl": "1.7.0",
        "jade": "0.26.3",
        "mkdirp": "0.3.5"
      },
      "dependencies": {
        "glob": {
          "version": "3.2.3",
          "resolved": "https://registry.npmjs.org/glob/-/glob-3.2.3.tgz",
          "integrity": "sha1-4xPusknHr/qlxHUoaw4RW1mDlGc=",
          "dev": true,
          "requires": {
            "graceful-fs": "2.0.3",
            "inherits": "2.0.3",
            "minimatch": "0.2.14"
          }
        },
        "graceful-fs": {
          "version": "2.0.3",
          "resolved": "https://registry.npmjs.org/graceful-fs/-/graceful-fs-2.0.3.tgz",
          "integrity": "sha1-fNLNsiiko/Nule+mzBQt59GhNtA=",
          "dev": true
        },
        "mkdirp": {
          "version": "0.3.5",
          "resolved": "https://registry.npmjs.org/mkdirp/-/mkdirp-0.3.5.tgz",
          "integrity": "sha1-3j5fiWHIjHh+4TaN+EmsRBPsqNc=",
          "dev": true
        }
      }
    },
    "monologue.js": {
      "version": "0.1.4",
      "resolved": "https://registry.npmjs.org/monologue.js/-/monologue.js-0.1.4.tgz",
      "integrity": "sha1-09NKvgPOCVbQImSrGZUEHfAHk4o=",
      "requires": {
        "underscore": "1.3.3"
      }
    },
    "morgan": {
      "version": "1.0.1",
      "resolved": "https://registry.npmjs.org/morgan/-/morgan-1.0.1.tgz",
      "integrity": "sha1-glCl1xHeYlRTAilFNE1NZ2JjDGQ=",
      "dev": true,
      "requires": {
        "bytes": "0.3.0"
      },
      "dependencies": {
        "bytes": {
          "version": "0.3.0",
          "resolved": "https://registry.npmjs.org/bytes/-/bytes-0.3.0.tgz",
          "integrity": "sha1-eOLg4ox/nHuYjqiu4NtNX6mUGTU=",
          "dev": true
        }
      }
    },
    "ncp": {
      "version": "0.4.2",
      "resolved": "https://registry.npmjs.org/ncp/-/ncp-0.4.2.tgz",
      "integrity": "sha1-q8xsvT7C7Spyn/bnwfqPAXhKhXQ=",
      "dev": true
    },
    "nedb": {
      "version": "0.10.7",
      "resolved": "https://registry.npmjs.org/nedb/-/nedb-0.10.7.tgz",
      "integrity": "sha1-65pyyBAvkjveT6WTt2X7fRysOCc=",
      "requires": {
        "async": "0.2.10",
        "binary-search-tree": "0.2.3",
        "mkdirp": "0.3.5",
        "underscore": "1.4.4"
      },
      "dependencies": {
        "async": {
          "version": "0.2.10",
          "resolved": "https://registry.npmjs.org/async/-/async-0.2.10.tgz",
          "integrity": "sha1-trvgsGdLnXGXCMo43owjfLUmw9E="
        },
        "binary-search-tree": {
          "version": "0.2.3",
          "resolved": "https://registry.npmjs.org/binary-search-tree/-/binary-search-tree-0.2.3.tgz",
          "integrity": "sha1-t2s2K0DfQ19toWX1vTGa7jbv3XY=",
          "requires": {
            "underscore": "1.4.4"
          }
        },
        "mkdirp": {
          "version": "0.3.5",
          "resolved": "https://registry.npmjs.org/mkdirp/-/mkdirp-0.3.5.tgz",
          "integrity": "sha1-3j5fiWHIjHh+4TaN+EmsRBPsqNc="
        },
        "underscore": {
          "version": "1.4.4",
          "resolved": "https://registry.npmjs.org/underscore/-/underscore-1.4.4.tgz",
          "integrity": "sha1-YaajIBBiKvoHljvzJSA88SI51gQ="
        }
      }
    },
    "node-uuid": {
      "version": "1.4.8",
      "resolved": "https://registry.npmjs.org/node-uuid/-/node-uuid-1.4.8.tgz",
      "integrity": "sha1-sEDrCSOWivq/jTL7HxfxFn/auQc="
    },
    "nopt": {
      "version": "1.0.10",
      "resolved": "https://registry.npmjs.org/nopt/-/nopt-1.0.10.tgz",
      "integrity": "sha1-bd0hvSoxQXuScn3Vhfim83YI6+4=",
      "dev": true,
      "requires": {
        "abbrev": "1.1.1"
      }
    },
    "noptify": {
      "version": "0.0.3",
      "resolved": "https://registry.npmjs.org/noptify/-/noptify-0.0.3.tgz",
      "integrity": "sha1-WPZUpz2XU98MUdlobckhBKZ/S7s=",
      "dev": true,
      "requires": {
        "nopt": "2.0.0"
      },
      "dependencies": {
        "nopt": {
          "version": "2.0.0",
          "resolved": "https://registry.npmjs.org/nopt/-/nopt-2.0.0.tgz",
          "integrity": "sha1-ynQW8gpeP5w7hhgPlilfo9C1Lg0=",
          "dev": true,
          "requires": {
            "abbrev": "1.1.1"
          }
        }
      }
    },
    "oauth": {
      "version": "0.9.15",
      "resolved": "https://registry.npmjs.org/oauth/-/oauth-0.9.15.tgz",
      "integrity": "sha1-vR/vr2hslrdUda7VGWQS/2DPucE=",
      "dev": true
    },
    "oauth-sign": {
      "version": "0.3.0",
      "resolved": "https://registry.npmjs.org/oauth-sign/-/oauth-sign-0.3.0.tgz",
      "integrity": "sha1-y1QPk7srIqfVlBaRoojWDo6pOG4=",
      "optional": true
    },
    "passport": {
      "version": "0.2.0",
      "resolved": "https://registry.npmjs.org/passport/-/passport-0.2.0.tgz",
      "integrity": "sha1-rl68VhEwDVH9xEAyx8pEKlSNvKU=",
      "dev": true,
      "requires": {
        "passport-strategy": "1.0.0",
        "pause": "0.0.1"
      },
      "dependencies": {
        "pause": {
          "version": "0.0.1",
          "resolved": "https://registry.npmjs.org/pause/-/pause-0.0.1.tgz",
          "integrity": "sha1-HUCLP9t2kjuVQ9lvtMnf1TXZy10=",
          "dev": true
        }
      }
    },
    "passport-box": {
      "version": "0.1.0",
      "resolved": "https://registry.npmjs.org/passport-box/-/passport-box-0.1.0.tgz",
      "integrity": "sha1-zOZlw4dSC3ogRDlvwAsZ60x/MOM=",
      "dev": true,
      "requires": {
        "passport-oauth": "0.1.15",
        "pkginfo": "0.2.3"
      }
    },
    "passport-oauth": {
      "version": "0.1.15",
      "resolved": "https://registry.npmjs.org/passport-oauth/-/passport-oauth-0.1.15.tgz",
      "integrity": "sha1-+3Tgr+hGFL+iVsX8cWzFa7/IzsA=",
      "dev": true,
      "requires": {
        "oauth": "0.9.15",
        "passport": "0.1.18",
        "pkginfo": "0.2.3"
      },
      "dependencies": {
        "passport": {
          "version": "0.1.18",
          "resolved": "https://registry.npmjs.org/passport/-/passport-0.1.18.tgz",
          "integrity": "sha1-yCZEedy2QUytu2Z1LRKzfgtlJaE=",
          "dev": true,
          "requires": {
            "pause": "0.0.1",
            "pkginfo": "0.2.3"
          }
        }
      }
    },
    "passport-strategy": {
      "version": "1.0.0",
      "resolved": "https://registry.npmjs.org/passport-strategy/-/passport-strategy-1.0.0.tgz",
      "integrity": "sha1-tVOaqPwiWj0a0XlHbd8ja0QPUuQ=",
      "dev": true
    },
    "pause": {
      "version": "0.0.1",
      "resolved": "https://registry.npmjs.org/pause/-/pause-0.0.1.tgz",
      "integrity": "sha1-HUCLP9t2kjuVQ9lvtMnf1TXZy10=",
      "dev": true
    },
    "pkginfo": {
      "version": "0.2.3",
      "resolved": "https://registry.npmjs.org/pkginfo/-/pkginfo-0.2.3.tgz",
      "integrity": "sha1-cjnEKl72wwuPMoQ52bn/cQQkkPg=",
      "dev": true
    },
    "punycode": {
      "version": "1.4.1",
      "resolved": "https://registry.npmjs.org/punycode/-/punycode-1.4.1.tgz",
      "integrity": "sha1-wNWmOycYgArY4esPpSachN1BhF4=",
      "optional": true
    },
    "qs": {
      "version": "0.5.6",
      "resolved": "https://registry.npmjs.org/qs/-/qs-0.5.6.tgz",
      "integrity": "sha1-MbGtBYVnZRxSaSFQa5qHk5EaA4Q=",
      "dev": true
    },
    "request": {
      "version": "2.34.0",
      "resolved": "https://registry.npmjs.org/request/-/request-2.34.0.tgz",
      "integrity": "sha1-tdi5UmrdSi1GKfTUFxJFc5lkRa4=",
      "requires": {
        "aws-sign2": "0.5.0",
        "forever-agent": "0.5.2",
        "form-data": "0.1.4",
        "hawk": "1.0.0",
        "http-signature": "0.10.1",
        "json-stringify-safe": "5.0.1",
        "mime": "1.2.11",
        "node-uuid": "1.4.8",
        "oauth-sign": "0.3.0",
        "qs": "0.6.6",
        "tough-cookie": "2.3.3",
        "tunnel-agent": "0.3.0"
      },
      "dependencies": {
        "mime": {
          "version": "1.2.11",
          "resolved": "https://registry.npmjs.org/mime/-/mime-1.2.11.tgz",
          "integrity": "sha1-WCA+7Ybjpe8XrtK32evUfwpg3RA="
        },
        "qs": {
          "version": "0.6.6",
          "resolved": "https://registry.npmjs.org/qs/-/qs-0.6.6.tgz",
          "integrity": "sha1-bgFQmP9RlouKPIGQAdXyyJvEsQc="
        }
      }
    },
    "rimraf": {
      "version": "2.2.8",
      "resolved": "https://registry.npmjs.org/rimraf/-/rimraf-2.2.8.tgz",
      "integrity": "sha1-5Dm+Kq7jJzIZUnMPmaiSnk/FBYI=",
      "dev": true
    },
    "router": {
      "version": "0.6.2",
      "resolved": "https://registry.npmjs.org/router/-/router-0.6.2.tgz",
      "integrity": "sha1-bwQGOi0E66MwOhu8Z2Xu9jA3zz0="
    },
    "shelljs": {
      "version": "0.1.4",
      "resolved": "https://registry.npmjs.org/shelljs/-/shelljs-0.1.4.tgz",
      "integrity": "sha1-37vnjVbDwBaNL7eeEOzR28sH7A4=",
      "dev": true
    },
    "sigmund": {
      "version": "1.0.1",
      "resolved": "https://registry.npmjs.org/sigmund/-/sigmund-1.0.1.tgz",
      "integrity": "sha1-P/IfGYytIXX587eBhT/ZTQ0ZtZA=",
      "dev": true
    },
    "sntp": {
      "version": "0.2.4",
      "resolved": "https://registry.npmjs.org/sntp/-/sntp-0.2.4.tgz",
      "integrity": "sha1-+4hfGLDzqtGJ+CSGJTa87ux1CQA=",
      "optional": true,
      "requires": {
        "hoek": "0.9.1"
      }
    },
    "string_decoder": {
      "version": "0.10.31",
      "resolved": "https://registry.npmjs.org/string_decoder/-/string_decoder-0.10.31.tgz",
      "integrity": "sha1-YuIDvEF2bGwoyfyEMB2rHFMQ+pQ=",
      "dev": true
    },
    "tiny-lr": {
      "version": "0.0.4",
      "resolved": "https://registry.npmjs.org/tiny-lr/-/tiny-lr-0.0.4.tgz",
      "integrity": "sha1-gGGFR/Y/aX0Fy0DEwsSwg1Ia77Y=",
      "dev": true,
      "requires": {
        "debug": "0.7.4",
        "faye-websocket": "0.4.4",
        "noptify": "0.0.3",
        "qs": "0.5.6"
      }
    },
    "tough-cookie": {
      "version": "2.3.3",
      "resolved": "https://registry.npmjs.org/tough-cookie/-/tough-cookie-2.3.3.tgz",
      "integrity": "sha1-C2GKVWW23qkL80JdBNVe3EdadWE=",
      "optional": true,
      "requires": {
        "punycode": "1.4.1"
      }
    },
    "tunnel-agent": {
      "version": "0.3.0",
      "resolved": "https://registry.npmjs.org/tunnel-agent/-/tunnel-agent-0.3.0.tgz",
      "integrity": "sha1-rWgbaPUyGtKCfEz7G31d8s/pQu4=",
      "optional": true
    },
    "underscore": {
      "version": "1.3.3",
      "resolved": "https://registry.npmjs.org/underscore/-/underscore-1.3.3.tgz",
      "integrity": "sha1-R6xTaD2vgyv6lS4XdEF9pHgXrkI="
    },
    "underscore.string": {
      "version": "2.2.1",
      "resolved": "https://registry.npmjs.org/underscore.string/-/underscore.string-2.2.1.tgz",
      "integrity": "sha1-18D6KvXVoaZ/QlPa7pgTLnM/Dxk=",
      "dev": true
    },
    "which": {
      "version": "1.0.9",
      "resolved": "https://registry.npmjs.org/which/-/which-1.0.9.tgz",
      "integrity": "sha1-RgwdoPgQED0DIam2M6+eV15kSG8=",
      "dev": true
    }
  }
}
